
Microsoft Visual Studio Solution File, Format Version 12.00
# Visual Studio Version 17
VisualStudioVersion = 17.10.35122.118
MinimumVisualStudioVersion = 10.0.40219.1
Project("{FAE04EC0-301F-11D3-BF4B-00C04F79EFBC}") = "RAM", "RAM\RAM.csproj", "{8E870193-9D20-4906-9E64-C9BF749B6032}"
EndProject
Global
	GlobalSection(SolutionConfigurationPlatforms) = preSolution
		Debug|Any CPU = Debug|Any CPU
		Release|Any CPU = Release|Any CPU
	EndGlobalSection
	GlobalSection(ProjectConfigurationPlatforms) = postSolution
		{8E870193-9D20-4906-9E64-C9BF749B6032}.Debug|Any CPU.ActiveCfg = Debug|Any CPU
		{8E870193-9D20-4906-9E64-C9BF749B6032}.Debug|Any CPU.Build.0 = Debug|Any CPU
		{8E870193-9D20-4906-9E64-C9BF749B6032}.Release|Any CPU.ActiveCfg = Release|Any CPU
		{8E870193-9D20-4906-9E64-C9BF749B6032}.Release|Any CPU.Build.0 = Release|Any CPU
	EndGlobalSection
	GlobalSection(SolutionProperties) = preSolution
		HideSolutionNode = FALSE
	EndGlobalSection
	GlobalSection(ExtensibilityGlobals) = postSolution
		SolutionGuid = {67D457D3-26CB-4F0F-A0CE-9C5C7009728B}
	EndGlobalSection
EndGlobal
