
Microsoft Visual Studio Solution File, Format Version 12.00
# Visual Studio Version 17
VisualStudioVersion = 17.10.35201.131
MinimumVisualStudioVersion = 10.0.40219.1
Project("{FAE04EC0-301F-11D3-BF4B-00C04F79EFBC}") = "Model_mvc", "Model_mvc\Model_mvc.csproj", "{C86AFD60-FE05-4A50-8010-B83E3F7B1C81}"
EndProject
Global
	GlobalSection(SolutionConfigurationPlatforms) = preSolution
		Debug|Any CPU = Debug|Any CPU
		Release|Any CPU = Release|Any CPU
	EndGlobalSection
	GlobalSection(ProjectConfigurationPlatforms) = postSolution
		{C86AFD60-FE05-4A50-8010-B83E3F7B1C81}.Debug|Any CPU.ActiveCfg = Debug|Any CPU
		{C86AFD60-FE05-4A50-8010-B83E3F7B1C81}.Debug|Any CPU.Build.0 = Debug|Any CPU
		{C86AFD60-FE05-4A50-8010-B83E3F7B1C81}.Release|Any CPU.ActiveCfg = Release|Any CPU
		{C86AFD60-FE05-4A50-8010-B83E3F7B1C81}.Release|Any CPU.Build.0 = Release|Any CPU
	EndGlobalSection
	GlobalSection(SolutionProperties) = preSolution
		HideSolutionNode = FALSE
	EndGlobalSection
	GlobalSection(ExtensibilityGlobals) = postSolution
		SolutionGuid = {45D25A2D-35D5-4E90-A933-F337E54C799A}
	EndGlobalSection
EndGlobal
