
Microsoft Visual Studio Solution File, Format Version 12.00
# Visual Studio Version 17
VisualStudioVersion = 17.10.35201.131
MinimumVisualStudioVersion = 10.0.40219.1
Project("{FAE04EC0-301F-11D3-BF4B-00C04F79EFBC}") = "MVCB2", "MVCB2\MVCB2.csproj", "{008B5118-489F-4483-A0D7-DA5F94A076B6}"
EndProject
Global
	GlobalSection(SolutionConfigurationPlatforms) = preSolution
		Debug|Any CPU = Debug|Any CPU
		Release|Any CPU = Release|Any CPU
	EndGlobalSection
	GlobalSection(ProjectConfigurationPlatforms) = postSolution
		{008B5118-489F-4483-A0D7-DA5F94A076B6}.Debug|Any CPU.ActiveCfg = Debug|Any CPU
		{008B5118-489F-4483-A0D7-DA5F94A076B6}.Debug|Any CPU.Build.0 = Debug|Any CPU
		{008B5118-489F-4483-A0D7-DA5F94A076B6}.Release|Any CPU.ActiveCfg = Release|Any CPU
		{008B5118-489F-4483-A0D7-DA5F94A076B6}.Release|Any CPU.Build.0 = Release|Any CPU
	EndGlobalSection
	GlobalSection(SolutionProperties) = preSolution
		HideSolutionNode = FALSE
	EndGlobalSection
	GlobalSection(ExtensibilityGlobals) = postSolution
		SolutionGuid = {486827BF-F373-4E4D-9706-19B5969FF33D}
	EndGlobalSection
EndGlobal
