
Microsoft Visual Studio Solution File, Format Version 12.00
# Visual Studio Version 17
VisualStudioVersion = 17.10.35201.131
MinimumVisualStudioVersion = 10.0.40219.1
Project("{FAE04EC0-301F-11D3-BF4B-00C04F79EFBC}") = "Signup_form", "Signup_form\Signup_form.csproj", "{80079110-AC0D-423D-86DA-01EF298781B0}"
EndProject
Global
	GlobalSection(SolutionConfigurationPlatforms) = preSolution
		Debug|Any CPU = Debug|Any CPU
		Release|Any CPU = Release|Any CPU
	EndGlobalSection
	GlobalSection(ProjectConfigurationPlatforms) = postSolution
		{80079110-AC0D-423D-86DA-01EF298781B0}.Debug|Any CPU.ActiveCfg = Debug|Any CPU
		{80079110-AC0D-423D-86DA-01EF298781B0}.Debug|Any CPU.Build.0 = Debug|Any CPU
		{80079110-AC0D-423D-86DA-01EF298781B0}.Release|Any CPU.ActiveCfg = Release|Any CPU
		{80079110-AC0D-423D-86DA-01EF298781B0}.Release|Any CPU.Build.0 = Release|Any CPU
	EndGlobalSection
	GlobalSection(SolutionProperties) = preSolution
		HideSolutionNode = FALSE
	EndGlobalSection
	GlobalSection(ExtensibilityGlobals) = postSolution
		SolutionGuid = {2A65AEA6-2D4A-4712-8806-6D516822D696}
	EndGlobalSection
EndGlobal
