
Microsoft Visual Studio Solution File, Format Version 12.00
# Visual Studio Version 17
VisualStudioVersion = 17.10.35122.118
MinimumVisualStudioVersion = 10.0.40219.1
Project("{FAE04EC0-301F-11D3-BF4B-00C04F79EFBC}") = "WebApplication1", "WebApplication1\WebApplication1.csproj", "{C06797BD-3618-4800-9546-84D9A971F80E}"
EndProject
Global
	GlobalSection(SolutionConfigurationPlatforms) = preSolution
		Debug|Any CPU = Debug|Any CPU
		Release|Any CPU = Release|Any CPU
	EndGlobalSection
	GlobalSection(ProjectConfigurationPlatforms) = postSolution
		{C06797BD-3618-4800-9546-84D9A971F80E}.Debug|Any CPU.ActiveCfg = Debug|Any CPU
		{C06797BD-3618-4800-9546-84D9A971F80E}.Debug|Any CPU.Build.0 = Debug|Any CPU
		{C06797BD-3618-4800-9546-84D9A971F80E}.Release|Any CPU.ActiveCfg = Release|Any CPU
		{C06797BD-3618-4800-9546-84D9A971F80E}.Release|Any CPU.Build.0 = Release|Any CPU
	EndGlobalSection
	GlobalSection(SolutionProperties) = preSolution
		HideSolutionNode = FALSE
	EndGlobalSection
	GlobalSection(ExtensibilityGlobals) = postSolution
		SolutionGuid = {9A510112-A474-4CDC-89F0-A74B397161A4}
	EndGlobalSection
EndGlobal
