
Microsoft Visual Studio Solution File, Format Version 12.00
# Visual Studio Version 17
VisualStudioVersion = 17.10.35201.131
MinimumVisualStudioVersion = 10.0.40219.1
Project("{FAE04EC0-301F-11D3-BF4B-00C04F79EFBC}") = "Image_gridview", "Image_gridview\Image_gridview.csproj", "{D2A49E78-4B28-4691-9C3D-23F958D1754E}"
EndProject
Global
	GlobalSection(SolutionConfigurationPlatforms) = preSolution
		Debug|Any CPU = Debug|Any CPU
		Release|Any CPU = Release|Any CPU
	EndGlobalSection
	GlobalSection(ProjectConfigurationPlatforms) = postSolution
		{D2A49E78-4B28-4691-9C3D-23F958D1754E}.Debug|Any CPU.ActiveCfg = Debug|Any CPU
		{D2A49E78-4B28-4691-9C3D-23F958D1754E}.Debug|Any CPU.Build.0 = Debug|Any CPU
		{D2A49E78-4B28-4691-9C3D-23F958D1754E}.Release|Any CPU.ActiveCfg = Release|Any CPU
		{D2A49E78-4B28-4691-9C3D-23F958D1754E}.Release|Any CPU.Build.0 = Release|Any CPU
	EndGlobalSection
	GlobalSection(SolutionProperties) = preSolution
		HideSolutionNode = FALSE
	EndGlobalSection
	GlobalSection(ExtensibilityGlobals) = postSolution
		SolutionGuid = {2998FE07-6C94-42C7-8E86-EB571E4CF90B}
	EndGlobalSection
EndGlobal
