
Microsoft Visual Studio Solution File, Format Version 12.00
# Visual Studio Version 17
VisualStudioVersion = 17.10.35201.131
MinimumVisualStudioVersion = 10.0.40219.1
Project("{FAE04EC0-301F-11D3-BF4B-00C04F79EFBC}") = "Crud_vivek", "Crud_vivek\Crud_vivek.csproj", "{01B7954C-000E-45A4-9FD5-9FBBECE11754}"
EndProject
Global
	GlobalSection(SolutionConfigurationPlatforms) = preSolution
		Debug|Any CPU = Debug|Any CPU
		Release|Any CPU = Release|Any CPU
	EndGlobalSection
	GlobalSection(ProjectConfigurationPlatforms) = postSolution
		{01B7954C-000E-45A4-9FD5-9FBBECE11754}.Debug|Any CPU.ActiveCfg = Debug|Any CPU
		{01B7954C-000E-45A4-9FD5-9FBBECE11754}.Debug|Any CPU.Build.0 = Debug|Any CPU
		{01B7954C-000E-45A4-9FD5-9FBBECE11754}.Release|Any CPU.ActiveCfg = Release|Any CPU
		{01B7954C-000E-45A4-9FD5-9FBBECE11754}.Release|Any CPU.Build.0 = Release|Any CPU
	EndGlobalSection
	GlobalSection(SolutionProperties) = preSolution
		HideSolutionNode = FALSE
	EndGlobalSection
	GlobalSection(ExtensibilityGlobals) = postSolution
		SolutionGuid = {BFF8214E-BAD0-491B-AE1D-0FB0EA3194DB}
	EndGlobalSection
EndGlobal
