
Microsoft Visual Studio Solution File, Format Version 12.00
# Visual Studio Version 17
VisualStudioVersion = 17.10.35201.131
MinimumVisualStudioVersion = 10.0.40219.1
Project("{FAE04EC0-301F-11D3-BF4B-00C04F79EFBC}") = "Crud_youtube", "Crud_youtube\Crud_youtube.csproj", "{ADDE3AAF-FFC7-4516-9482-C6F5001D9CB7}"
EndProject
Global
	GlobalSection(SolutionConfigurationPlatforms) = preSolution
		Debug|Any CPU = Debug|Any CPU
		Release|Any CPU = Release|Any CPU
	EndGlobalSection
	GlobalSection(ProjectConfigurationPlatforms) = postSolution
		{ADDE3AAF-FFC7-4516-9482-C6F5001D9CB7}.Debug|Any CPU.ActiveCfg = Debug|Any CPU
		{ADDE3AAF-FFC7-4516-9482-C6F5001D9CB7}.Debug|Any CPU.Build.0 = Debug|Any CPU
		{ADDE3AAF-FFC7-4516-9482-C6F5001D9CB7}.Release|Any CPU.ActiveCfg = Release|Any CPU
		{ADDE3AAF-FFC7-4516-9482-C6F5001D9CB7}.Release|Any CPU.Build.0 = Release|Any CPU
	EndGlobalSection
	GlobalSection(SolutionProperties) = preSolution
		HideSolutionNode = FALSE
	EndGlobalSection
	GlobalSection(ExtensibilityGlobals) = postSolution
		SolutionGuid = {DEE45D4F-501B-44D3-AE60-03BD2784990F}
	EndGlobalSection
EndGlobal
