
Microsoft Visual Studio Solution File, Format Version 12.00
# Visual Studio Version 17
VisualStudioVersion = 17.10.35201.131
MinimumVisualStudioVersion = 10.0.40219.1
Project("{FAE04EC0-301F-11D3-BF4B-00C04F79EFBC}") = "Security4", "Security4\Security4.csproj", "{12E7CFBB-F7BE-4932-9EAF-F0340CB9C16D}"
EndProject
Global
	GlobalSection(SolutionConfigurationPlatforms) = preSolution
		Debug|Any CPU = Debug|Any CPU
		Release|Any CPU = Release|Any CPU
	EndGlobalSection
	GlobalSection(ProjectConfigurationPlatforms) = postSolution
		{12E7CFBB-F7BE-4932-9EAF-F0340CB9C16D}.Debug|Any CPU.ActiveCfg = Debug|Any CPU
		{12E7CFBB-F7BE-4932-9EAF-F0340CB9C16D}.Debug|Any CPU.Build.0 = Debug|Any CPU
		{12E7CFBB-F7BE-4932-9EAF-F0340CB9C16D}.Release|Any CPU.ActiveCfg = Release|Any CPU
		{12E7CFBB-F7BE-4932-9EAF-F0340CB9C16D}.Release|Any CPU.Build.0 = Release|Any CPU
	EndGlobalSection
	GlobalSection(SolutionProperties) = preSolution
		HideSolutionNode = FALSE
	EndGlobalSection
	GlobalSection(ExtensibilityGlobals) = postSolution
		SolutionGuid = {E1B8A068-6725-4825-BE2E-78DA0B9A6A3E}
	EndGlobalSection
EndGlobal
