
Microsoft Visual Studio Solution File, Format Version 12.00
# Visual Studio Version 17
VisualStudioVersion = 17.11.35303.130
MinimumVisualStudioVersion = 10.0.40219.1
Project("{FAE04EC0-301F-11D3-BF4B-00C04F79EFBC}") = "Ajax_Helper", "Ajax_Helper\Ajax_Helper.csproj", "{A74317F8-5521-4262-BC9B-B48372457835}"
EndProject
Global
	GlobalSection(SolutionConfigurationPlatforms) = preSolution
		Debug|Any CPU = Debug|Any CPU
		Release|Any CPU = Release|Any CPU
	EndGlobalSection
	GlobalSection(ProjectConfigurationPlatforms) = postSolution
		{A74317F8-5521-4262-BC9B-B48372457835}.Debug|Any CPU.ActiveCfg = Debug|Any CPU
		{A74317F8-5521-4262-BC9B-B48372457835}.Debug|Any CPU.Build.0 = Debug|Any CPU
		{A74317F8-5521-4262-BC9B-B48372457835}.Release|Any CPU.ActiveCfg = Release|Any CPU
		{A74317F8-5521-4262-BC9B-B48372457835}.Release|Any CPU.Build.0 = Release|Any CPU
	EndGlobalSection
	GlobalSection(SolutionProperties) = preSolution
		HideSolutionNode = FALSE
	EndGlobalSection
	GlobalSection(ExtensibilityGlobals) = postSolution
		SolutionGuid = {497BE274-2FC2-4D78-996F-9CF6510E5DD4}
	EndGlobalSection
EndGlobal
