
Microsoft Visual Studio Solution File, Format Version 12.00
# Visual Studio Version 17
VisualStudioVersion = 17.11.35303.130
MinimumVisualStudioVersion = 10.0.40219.1
Project("{FAE04EC0-301F-11D3-BF4B-00C04F79EFBC}") = "Layout_mvc", "Layout_mvc\Layout_mvc.csproj", "{4DD758B4-9651-4261-B851-C328C6D1FC9E}"
EndProject
Global
	GlobalSection(SolutionConfigurationPlatforms) = preSolution
		Debug|Any CPU = Debug|Any CPU
		Release|Any CPU = Release|Any CPU
	EndGlobalSection
	GlobalSection(ProjectConfigurationPlatforms) = postSolution
		{4DD758B4-9651-4261-B851-C328C6D1FC9E}.Debug|Any CPU.ActiveCfg = Debug|Any CPU
		{4DD758B4-9651-4261-B851-C328C6D1FC9E}.Debug|Any CPU.Build.0 = Debug|Any CPU
		{4DD758B4-9651-4261-B851-C328C6D1FC9E}.Release|Any CPU.ActiveCfg = Release|Any CPU
		{4DD758B4-9651-4261-B851-C328C6D1FC9E}.Release|Any CPU.Build.0 = Release|Any CPU
	EndGlobalSection
	GlobalSection(SolutionProperties) = preSolution
		HideSolutionNode = FALSE
	EndGlobalSection
	GlobalSection(ExtensibilityGlobals) = postSolution
		SolutionGuid = {E37DCA3D-B1D1-4137-9807-94A4CBDEA175}
	EndGlobalSection
EndGlobal
