
Microsoft Visual Studio Solution File, Format Version 12.00
# Visual Studio Version 17
VisualStudioVersion = 17.10.35122.118
MinimumVisualStudioVersion = 10.0.40219.1
Project("{FAE04EC0-301F-11D3-BF4B-00C04F79EFBC}") = "WebApplication2", "WebApplication2\WebApplication2.csproj", "{47457355-314C-4B95-A620-949C6186B24E}"
EndProject
Global
	GlobalSection(SolutionConfigurationPlatforms) = preSolution
		Debug|Any CPU = Debug|Any CPU
		Release|Any CPU = Release|Any CPU
	EndGlobalSection
	GlobalSection(ProjectConfigurationPlatforms) = postSolution
		{47457355-314C-4B95-A620-949C6186B24E}.Debug|Any CPU.ActiveCfg = Debug|Any CPU
		{47457355-314C-4B95-A620-949C6186B24E}.Debug|Any CPU.Build.0 = Debug|Any CPU
		{47457355-314C-4B95-A620-949C6186B24E}.Release|Any CPU.ActiveCfg = Release|Any CPU
		{47457355-314C-4B95-A620-949C6186B24E}.Release|Any CPU.Build.0 = Release|Any CPU
	EndGlobalSection
	GlobalSection(SolutionProperties) = preSolution
		HideSolutionNode = FALSE
	EndGlobalSection
	GlobalSection(ExtensibilityGlobals) = postSolution
		SolutionGuid = {ED4B0F7B-BEEE-40F2-84E1-6D9602DB7BE7}
	EndGlobalSection
EndGlobal
