
Microsoft Visual Studio Solution File, Format Version 12.00
# Visual Studio Version 17
VisualStudioVersion = 17.10.35201.131
MinimumVisualStudioVersion = 10.0.40219.1
Project("{FAE04EC0-301F-11D3-BF4B-00C04F79EFBC}") = "Gridview", "Gridview\Gridview.csproj", "{1FC12EB0-9AEE-457E-9244-7F8CD76A2A01}"
EndProject
Global
	GlobalSection(SolutionConfigurationPlatforms) = preSolution
		Debug|Any CPU = Debug|Any CPU
		Release|Any CPU = Release|Any CPU
	EndGlobalSection
	GlobalSection(ProjectConfigurationPlatforms) = postSolution
		{1FC12EB0-9AEE-457E-9244-7F8CD76A2A01}.Debug|Any CPU.ActiveCfg = Debug|Any CPU
		{1FC12EB0-9AEE-457E-9244-7F8CD76A2A01}.Debug|Any CPU.Build.0 = Debug|Any CPU
		{1FC12EB0-9AEE-457E-9244-7F8CD76A2A01}.Release|Any CPU.ActiveCfg = Release|Any CPU
		{1FC12EB0-9AEE-457E-9244-7F8CD76A2A01}.Release|Any CPU.Build.0 = Release|Any CPU
	EndGlobalSection
	GlobalSection(SolutionProperties) = preSolution
		HideSolutionNode = FALSE
	EndGlobalSection
	GlobalSection(ExtensibilityGlobals) = postSolution
		SolutionGuid = {C4ABC7AD-3BFF-4E0D-AE18-4B41B9BCC16C}
	EndGlobalSection
EndGlobal
